
Microsoft Visual Studio Solution File, Format Version 12.00
# Visual Studio 2012
Project("{FAE04EC0-301F-11D3-BF4B-00C04F79EFBC}") = "WebTest", "WebTest\WebTest.csproj", "{B2376B99-C55F-43B8-9732-F05F992B3F27}"
EndProject
Project("{FAE04EC0-301F-11D3-BF4B-00C04F79EFBC}") = "Route", "Route\Route.csproj", "{890E694A-894C-4472-BC7B-20802401D91A}"
EndProject
Global
	GlobalSection(SolutionConfigurationPlatforms) = preSolution
		Debug|Any CPU = Debug|Any CPU
		Release|Any CPU = Release|Any CPU
	EndGlobalSection
	GlobalSection(ProjectConfigurationPlatforms) = postSolution
		{B2376B99-C55F-43B8-9732-F05F992B3F27}.Debug|Any CPU.ActiveCfg = Debug|Any CPU
		{B2376B99-C55F-43B8-9732-F05F992B3F27}.Debug|Any CPU.Build.0 = Debug|Any CPU
		{B2376B99-C55F-43B8-9732-F05F992B3F27}.Release|Any CPU.ActiveCfg = Release|Any CPU
		{B2376B99-C55F-43B8-9732-F05F992B3F27}.Release|Any CPU.Build.0 = Release|Any CPU
		{890E694A-894C-4472-BC7B-20802401D91A}.Debug|Any CPU.ActiveCfg = Debug|Any CPU
		{890E694A-894C-4472-BC7B-20802401D91A}.Debug|Any CPU.Build.0 = Debug|Any CPU
		{890E694A-894C-4472-BC7B-20802401D91A}.Release|Any CPU.ActiveCfg = Release|Any CPU
		{890E694A-894C-4472-BC7B-20802401D91A}.Release|Any CPU.Build.0 = Release|Any CPU
	EndGlobalSection
	GlobalSection(SolutionProperties) = preSolution
		HideSolutionNode = FALSE
	EndGlobalSection
EndGlobal
